
Microsoft Visual Studio Solution File, Format Version 12.00
# Visual Studio 2013
VisualStudioVersion = 12.0.30723.0
MinimumVisualStudioVersion = 10.0.40219.1
Project("{FAE04EC0-301F-11D3-BF4B-00C04F79EFBC}") = "ToDoList.Test", "ToDoList.Test\ToDoList.Test.csproj", "{AF0E5173-BD21-4F42-8CC9-1588426D84C8}"
EndProject
Project("{FAE04EC0-301F-11D3-BF4B-00C04F79EFBC}") = "ToDoList.Data", "ToDoList.Data\ToDoList.Data.csproj", "{27B098A0-4DC5-4E46-9D4D-73EBBB62027A}"
EndProject
Project("{FAE04EC0-301F-11D3-BF4B-00C04F79EFBC}") = "ToDoList.Service", "ToDoList.Service\ToDoList.Service.csproj", "{F125BCA9-9AED-4BEC-B086-F5C4FE737A26}"
EndProject
Project("{FAE04EC0-301F-11D3-BF4B-00C04F79EFBC}") = "ToDoList.Web", "ToDoList.Web\ToDoList.Web.csproj", "{486A7967-22AE-4699-BD37-14D2546D6EB3}"
EndProject
Project("{FAE04EC0-301F-11D3-BF4B-00C04F79EFBC}") = "ToDoList.AcceptanceTests", "ToDoList.AcceptanceTests\ToDoList.AcceptanceTests.csproj", "{4B40B6EE-2F19-45AE-BDD6-BF5727F68094}"
EndProject
Global
	GlobalSection(SolutionConfigurationPlatforms) = preSolution
		Debug|Any CPU = Debug|Any CPU
		Release|Any CPU = Release|Any CPU
	EndGlobalSection
	GlobalSection(ProjectConfigurationPlatforms) = postSolution
		{AF0E5173-BD21-4F42-8CC9-1588426D84C8}.Debug|Any CPU.ActiveCfg = Debug|Any CPU
		{AF0E5173-BD21-4F42-8CC9-1588426D84C8}.Debug|Any CPU.Build.0 = Debug|Any CPU
		{AF0E5173-BD21-4F42-8CC9-1588426D84C8}.Release|Any CPU.ActiveCfg = Release|Any CPU
		{AF0E5173-BD21-4F42-8CC9-1588426D84C8}.Release|Any CPU.Build.0 = Release|Any CPU
		{27B098A0-4DC5-4E46-9D4D-73EBBB62027A}.Debug|Any CPU.ActiveCfg = Debug|Any CPU
		{27B098A0-4DC5-4E46-9D4D-73EBBB62027A}.Debug|Any CPU.Build.0 = Debug|Any CPU
		{27B098A0-4DC5-4E46-9D4D-73EBBB62027A}.Release|Any CPU.ActiveCfg = Release|Any CPU
		{27B098A0-4DC5-4E46-9D4D-73EBBB62027A}.Release|Any CPU.Build.0 = Release|Any CPU
		{F125BCA9-9AED-4BEC-B086-F5C4FE737A26}.Debug|Any CPU.ActiveCfg = Debug|Any CPU
		{F125BCA9-9AED-4BEC-B086-F5C4FE737A26}.Debug|Any CPU.Build.0 = Debug|Any CPU
		{F125BCA9-9AED-4BEC-B086-F5C4FE737A26}.Release|Any CPU.ActiveCfg = Release|Any CPU
		{F125BCA9-9AED-4BEC-B086-F5C4FE737A26}.Release|Any CPU.Build.0 = Release|Any CPU
		{486A7967-22AE-4699-BD37-14D2546D6EB3}.Debug|Any CPU.ActiveCfg = Debug|Any CPU
		{486A7967-22AE-4699-BD37-14D2546D6EB3}.Debug|Any CPU.Build.0 = Debug|Any CPU
		{486A7967-22AE-4699-BD37-14D2546D6EB3}.Release|Any CPU.ActiveCfg = Release|Any CPU
		{486A7967-22AE-4699-BD37-14D2546D6EB3}.Release|Any CPU.Build.0 = Release|Any CPU
		{4B40B6EE-2F19-45AE-BDD6-BF5727F68094}.Debug|Any CPU.ActiveCfg = Debug|Any CPU
		{4B40B6EE-2F19-45AE-BDD6-BF5727F68094}.Debug|Any CPU.Build.0 = Debug|Any CPU
		{4B40B6EE-2F19-45AE-BDD6-BF5727F68094}.Release|Any CPU.ActiveCfg = Release|Any CPU
		{4B40B6EE-2F19-45AE-BDD6-BF5727F68094}.Release|Any CPU.Build.0 = Release|Any CPU
	EndGlobalSection
	GlobalSection(SolutionProperties) = preSolution
		HideSolutionNode = FALSE
	EndGlobalSection
EndGlobal
